// !$*UTF8*$!
{
	archiveVersion = 1;
	classes = {
	};
	objectVersion = 50;
	objects = {

/* Begin PBXBuildFile section */
		FB3B7FBD23BA0948003F734B /* AppDelegate.swift in Sources */ = {isa = PBXBuildFile; fileRef = FB3B7FBC23BA0948003F734B /* AppDelegate.swift */; };
		FB3B7FBF23BA0948003F734B /* SceneDelegate.swift in Sources */ = {isa = PBXBuildFile; fileRef = FB3B7FBE23BA0948003F734B /* SceneDelegate.swift */; };
		FB3B7FC123BA0948003F734B /* ViewController.swift in Sources */ = {isa = PBXBuildFile; fileRef = FB3B7FC023BA0948003F734B /* ViewController.swift */; };
		FB3B7FC423BA0948003F734B /* Main.storyboard in Resources */ = {isa = PBXBuildFile; fileRef = FB3B7FC223BA0948003F734B /* Main.storyboard */; };
		FB3B7FC623BA0949003F734B /* Assets.xcassets in Resources */ = {isa = PBXBuildFile; fileRef = FB3B7FC523BA0949003F734B /* Assets.xcassets */; };
		FB3B7FC923BA0949003F734B /* LaunchScreen.storyboard in Resources */ = {isa = PBXBuildFile; fileRef = FB3B7FC723BA0949003F734B /* LaunchScreen.storyboard */; };
/* End PBXBuildFile section */

/* Begin PBXFileReference section */
		FB3B7FB923BA0948003F734B /* UserCV-iOS.app */ = {isa = PBXFileReference; explicitFileType = wrapper.application; includeInIndex = 0; path = "UserCV-iOS.app"; sourceTree = BUILT_PRODUCTS_DIR; };
		FB3B7FBC23BA0948003F734B /* AppDelegate.swift */ = {isa = PBXFileReference; lastKnownFileType = sourcecode.swift; path = AppDelegate.swift; sourceTree = "<group>"; };
		FB3B7FBE23BA0948003F734B /* SceneDelegate.swift */ = {isa = PBXFileReference; lastKnownFileType = sourcecode.swift; path = SceneDelegate.swift; sourceTree = "<group>"; };
		FB3B7FC023BA0948003F734B /* ViewController.swift */ = {isa = PBXFileReference; lastKnownFileType = sourcecode.swift; path = ViewController.swift; sourceTree = "<group>"; };
		FB3B7FC323BA0948003F734B /* Base */ = {isa = PBXFileReference; lastKnownFileType = file.storyboard; name = Base; path = Base.lproj/Main.storyboard; sourceTree = "<group>"; };
		FB3B7FC523BA0949003F734B /* Assets.xcassets */ = {isa = PBXFileReference; lastKnownFileType = folder.assetcatalog; path = Assets.xcassets; sourceTree = "<group>"; };
		FB3B7FC823BA0949003F734B /* Base */ = {isa = PBXFileReference; lastKnownFileType = file.storyboard; name = Base; path = Base.lproj/LaunchScreen.storyboard; sourceTree = "<group>"; };
		FB3B7FCA23BA0949003F734B /* Info.plist */ = {isa = PBXFileReference; lastKnownFileType = text.plist.xml; path = Info.plist; sourceTree = "<group>"; };
/* End PBXFileReference section */

/* Begin PBXFrameworksBuildPhase section */
		FB3B7FB623BA0947003F734B /* Frameworks */ = {
			isa = PBXFrameworksBuildPhase;
			buildActionMask = 2147483647;
			files = (
			);
			runOnlyForDeploymentPostprocessing = 0;
		};
/* End PBXFrameworksBuildPhase section */

/* Begin PBXGroup section */
		FB3B7FB023BA0947003F734B = {
			isa = PBXGroup;
			children = (
				FB3B7FBB23BA0948003F734B /* UserCV-iOS */,
				FB3B7FBA23BA0948003F734B /* Products */,
			);
			sourceTree = "<group>";
		};
		FB3B7FBA23BA0948003F734B /* Products */ = {
			isa = PBXGroup;
			children = (
				FB3B7FB923BA0948003F734B /* UserCV-iOS.app */,
			);
			name = Products;
			sourceTree = "<group>";
		};
		FB3B7FBB23BA0948003F734B /* UserCV-iOS */ = {
			isa = PBXGroup;
			children = (
				FB3B7FBC23BA0948003F734B /* AppDelegate.swift */,
				FB3B7FBE23BA0948003F734B /* SceneDelegate.swift */,
				FB3B7FC023BA0948003F734B /* ViewController.swift */,
				FB3B7FC223BA0948003F734B /* Main.storyboard */,
				FB3B7FC523BA0949003F734B /* Assets.xcassets */,
				FB3B7FC723BA0949003F734B /* LaunchScreen.storyboard */,
				FB3B7FCA23BA0949003F734B /* Info.plist */,
			);
			path = "UserCV-iOS";
			sourceTree = "<group>";
		};
/* End PBXGroup section */

/* Begin PBXNativeTarget section */
		FB3B7FB823BA0947003F734B /* UserCV-iOS */ = {
			isa = PBXNativeTarget;
			buildConfigurationList = FB3B7FCD23BA0949003F734B /* Build configuration list for PBXNativeTarget "UserCV-iOS" */;
			buildPhases = (
				FB3B7FB523BA0947003F734B /* Sources */,
				FB3B7FB623BA0947003F734B /* Frameworks */,
				FB3B7FB723BA0947003F734B /* Resources */,
			);
			buildRules = (
			);
			dependencies = (
			);
			name = "UserCV-iOS";
			productName = "UserCV-iOS";
			productReference = FB3B7FB923BA0948003F734B /* UserCV-iOS.app */;
			productType = "com.apple.product-type.application";
		};
/* End PBXNativeTarget section */

/* Begin PBXProject section */
		FB3B7FB123BA0947003F734B /* Project object */ = {
			isa = PBXProject;
			attributes = {
				LastSwiftUpdateCheck = 1130;
				LastUpgradeCheck = 1130;
				ORGANIZATIONNAME = miguelleonmarti;
				TargetAttributes = {
					FB3B7FB823BA0947003F734B = {
						CreatedOnToolsVersion = 11.3;
					};
				};
			};
			buildConfigurationList = FB3B7FB423BA0947003F734B /* Build configuration list for PBXProject "UserCV-iOS" */;
			compatibilityVersion = "Xcode 9.3";
			developmentRegion = en;
			hasScannedForEncodings = 0;
			knownRegions = (
				en,
				Base,
			);
			mainGroup = FB3B7FB023BA0947003F734B;
			productRefGroup = FB3B7FBA23BA0948003F734B /* Products */;
			projectDirPath = "";
			projectRoot = "";
			targets = (
				FB3B7FB823BA0947003F734B /* UserCV-iOS */,
			);
		};
/* End PBXProject section */

/* Begin PBXResourcesBuildPhase section */
		FB3B7FB723BA0947003F734B /* Resources */ = {
			isa = PBXResourcesBuildPhase;
			buildActionMask = 2147483647;
			files = (
				FB3B7FC923BA0949003F734B /* LaunchScreen.storyboard in Resources */,
				FB3B7FC623BA0949003F734B /* Assets.xcassets in Resources */,
				FB3B7FC423BA0948003F734B /* Main.storyboard in Resources */,
			);
			runOnlyForDeploymentPostprocessing = 0;
		};
/* End PBXResourcesBuildPhase section */

/* Begin PBXSourcesBuildPhase section */
		FB3B7FB523BA0947003F734B /* Sources */ = {
			isa = PBXSourcesBuildPhase;
			buildActionMask = 2147483647;
			files = (
				FB3B7FC123BA0948003F734B /* ViewController.swift in Sources */,
				FB3B7FBD23BA0948003F734B /* AppDelegate.swift in Sources */,
				FB3B7FBF23BA0948003F734B /* SceneDelegate.swift in Sources */,
			);
			runOnlyForDeploymentPostprocessing = 0;
		};
/* End PBXSourcesBuildPhase section */

/* Begin PBXVariantGroup section */
		FB3B7FC223BA0948003F734B /* Main.storyboard */ = {
			isa = PBXVariantGroup;
			children = (
				FB3B7FC323BA0948003F734B /* Base */,
			);
			name = Main.storyboard;
			sourceTree = "<group>";
		};
		FB3B7FC723BA0949003F734B /* LaunchScreen.storyboard */ = {
			isa = PBXVariantGroup;
			children = (
				FB3B7FC823BA0949003F734B /* Base */,
			);
			name = LaunchScreen.storyboard;
			sourceTree = "<group>";
		};
/* End PBXVariantGroup section */

/* Begin XCBuildConfiguration section */
		FB3B7FCB23BA0949003F734B /* Debug */ = {
			isa = XCBuildConfiguration;
			buildSettings = {
				ALWAYS_SEARCH_USER_PATHS = NO;
				CLANG_ANALYZER_NONNULL = YES;
				CLANG_ANALYZER_NUMBER_OBJECT_CONVERSION = YES_AGGRESSIVE;
				CLANG_CXX_LANGUAGE_STANDARD = "gnu++14";
				CLANG_CXX_LIBRARY = "libc++";
				CLANG_ENABLE_MODULES = YES;
				CLANG_ENABLE_OBJC_ARC = YES;
				CLANG_ENABLE_OBJC_WEAK = YES;
				CLANG_WARN_BLOCK_CAPTURE_AUTORELEASING = YES;
				CLANG_WARN_BOOL_CONVERSION = YES;
				CLANG_WARN_COMMA = YES;
				CLANG_WARN_CONSTANT_CONVERSION = YES;
				CLANG_WARN_DEPRECATED_OBJC_IMPLEMENTATIONS = YES;
				CLANG_WARN_DIRECT_OBJC_ISA_USAGE = YES_ERROR;
				CLANG_WARN_DOCUMENTATION_COMMENTS = YES;
				CLANG_WARN_EMPTY_BODY = YES;
				CLANG_WARN_ENUM_CONVERSION = YES;
				CLANG_WARN_INFINITE_RECURSION = YES;
				CLANG_WARN_INT_CONVERSION = YES;
				CLANG_WARN_NON_LITERAL_NULL_CONVERSION = YES;
				CLANG_WARN_OBJC_IMPLICIT_RETAIN_SELF = YES;
				CLANG_WARN_OBJC_LITERAL_CONVERSION = YES;
				CLANG_WARN_OBJC_ROOT_CLASS = YES_ERROR;
				CLANG_WARN_RANGE_LOOP_ANALYSIS = YES;
				CLANG_WARN_STRICT_PROTOTYPES = YES;
				CLANG_WARN_SUSPICIOUS_MOVE = YES;
				CLANG_WARN_UNGUARDED_AVAILABILITY = YES_AGGRESSIVE;
				CLANG_WARN_UNREACHABLE_CODE = YES;
				CLANG_WARN__DUPLICATE_METHOD_MATCH = YES;
				COPY_PHASE_STRIP = NO;
				DEBUG_INFORMATION_FORMAT = dwarf;
				ENABLE_STRICT_OBJC_MSGSEND = YES;
				ENABLE_TESTABILITY = YES;
				GCC_C_LANGUAGE_STANDARD = gnu11;
				GCC_DYNAMIC_NO_PIC = NO;
				GCC_NO_COMMON_BLOCKS = YES;
				GCC_OPTIMIZATION_LEVEL = 0;
				GCC_PREPROCESSOR_DEFINITIONS = (
					"DEBUG=1",
					"$(inherited)",
				);
				GCC_WARN_64_TO_32_BIT_CONVERSION = YES;
				GCC_WARN_ABOUT_RETURN_TYPE = YES_ERROR;
				GCC_WARN_UNDECLARED_SELECTOR = YES;
				GCC_WARN_UNINITIALIZED_AUTOS = YES_AGGRESSIVE;
				GCC_WARN_UNUSED_FUNCTION = YES;
				GCC_WARN_UNUSED_VARIABLE = YES;
				IPHONEOS_DEPLOYMENT_TARGET = 13.2;
				MTL_ENABLE_DEBUG_INFO = INCLUDE_SOURCE;
				MTL_FAST_MATH = YES;
				ONLY_ACTIVE_ARCH = YES;
				SDKROOT = iphoneos;
				SWIFT_ACTIVE_COMPILATION_CONDITIONS = DEBUG;
				SWIFT_OPTIMIZATION_LEVEL = "-Onone";
			};
			name = Debug;
		};
		FB3B7FCC23BA0949003F734B /* Release */ = {
			isa = XCBuildConfiguration;
			buildSettings = {
				ALWAYS_SEARCH_USER_PATHS = NO;
				CLANG_ANALYZER_NONNULL = YES;
				CLANG_ANALYZER_NUMBER_OBJECT_CONVERSION = YES_AGGRESSIVE;
				CLANG_CXX_LANGUAGE_STANDARD = "gnu++14";
				CLANG_CXX_LIBRARY = "libc++";
				CLANG_ENABLE_MODULES = YES;
				CLANG_ENABLE_OBJC_ARC = YES;
				CLANG_ENABLE_OBJC_WEAK = YES;
				CLANG_WARN_BLOCK_CAPTURE_AUTORELEASING = YES;
				CLANG_WARN_BOOL_CONVERSION = YES;
				CLANG_WARN_COMMA = YES;
				CLANG_WARN_CONSTANT_CONVERSION = YES;
				CLANG_WARN_DEPRECATED_OBJC_IMPLEMENTATIONS = YES;
				CLANG_WARN_DIRECT_OBJC_ISA_USAGE = YES_ERROR;
				CLANG_WARN_DOCUMENTATION_COMMENTS = YES;
				CLANG_WARN_EMPTY_BODY = YES;
				CLANG_WARN_ENUM_CONVERSION = YES;
				CLANG_WARN_INFINITE_RECURSION = YES;
				CLANG_WARN_INT_CONVERSION = YES;
				CLANG_WARN_NON_LITERAL_NULL_CONVERSION = YES;
				CLANG_WARN_OBJC_IMPLICIT_RETAIN_SELF = YES;
				CLANG_WARN_OBJC_LITERAL_CONVERSION = YES;
				CLANG_WARN_OBJC_ROOT_CLASS = YES_ERROR;
				CLANG_WARN_RANGE_LOOP_ANALYSIS = YES;
				CLANG_WARN_STRICT_PROTOTYPES = YES;
				CLANG_WARN_SUSPICIOUS_MOVE = YES;
				CLANG_WARN_UNGUARDED_AVAILABILITY = YES_AGGRESSIVE;
				CLANG_WARN_UNREACHABLE_CODE = YES;
				CLANG_WARN__DUPLICATE_METHOD_MATCH = YES;
				COPY_PHASE_STRIP = NO;
				DEBUG_INFORMATION_FORMAT = "dwarf-with-dsym";
				ENABLE_NS_ASSERTIONS = NO;
				ENABLE_STRICT_OBJC_MSGSEND = YES;
				GCC_C_LANGUAGE_STANDARD = gnu11;
				GCC_NO_COMMON_BLOCKS = YES;
				GCC_WARN_64_TO_32_BIT_CONVERSION = YES;
				GCC_WARN_ABOUT_RETURN_TYPE = YES_ERROR;
				GCC_WARN_UNDECLARED_SELECTOR = YES;
				GCC_WARN_UNINITIALIZED_AUTOS = YES_AGGRESSIVE;
				GCC_WARN_UNUSED_FUNCTION = YES;
				GCC_WARN_UNUSED_VARIABLE = YES;
				IPHONEOS_DEPLOYMENT_TARGET = 13.2;
				MTL_ENABLE_DEBUG_INFO = NO;
				MTL_FAST_MATH = YES;
				SDKROOT = iphoneos;
				SWIFT_COMPILATION_MODE = wholemodule;
				SWIFT_OPTIMIZATION_LEVEL = "-O";
				VALIDATE_PRODUCT = YES;
			};
			name = Release;
		};
		FB3B7FCE23BA0949003F734B /* Debug */ = {
			isa = XCBuildConfiguration;
			buildSettings = {
				ASSETCATALOG_COMPILER_APPICON_NAME = AppIcon;
				CODE_SIGN_STYLE = Automatic;
				DEVELOPMENT_TEAM = JL9BMU6F97;
				INFOPLIST_FILE = "UserCV-iOS/Info.plist";
				LD_RUNPATH_SEARCH_PATHS = (
					"$(inherited)",
					"@executable_path/Frameworks",
				);
				PRODUCT_BUNDLE_IDENTIFIER = "es.ulpgc.miguelleonmarti.UserCV-iOS";
				PRODUCT_NAME = "$(TARGET_NAME)";
				SWIFT_VERSION = 5.0;
				TARGETED_DEVICE_FAMILY = "1,2";
			};
			name = Debug;
		};
		FB3B7FCF23BA0949003F734B /* Release */ = {
			isa = XCBuildConfiguration;
			buildSettings = {
				ASSETCATALOG_COMPILER_APPICON_NAME = AppIcon;
				CODE_SIGN_STYLE = Automatic;
				DEVELOPMENT_TEAM = JL9BMU6F97;
				INFOPLIST_FILE = "UserCV-iOS/Info.plist";
				LD_RUNPATH_SEARCH_PATHS = (
					"$(inherited)",
					"@executable_path/Frameworks",
				);
				PRODUCT_BUNDLE_IDENTIFIER = "es.ulpgc.miguelleonmarti.UserCV-iOS";
				PRODUCT_NAME = "$(TARGET_NAME)";
				SWIFT_VERSION = 5.0;
				TARGETED_DEVICE_FAMILY = "1,2";
			};
			name = Release;
		};
/* End XCBuildConfiguration section */

/* Begin XCConfigurationList section */
		FB3B7FB423BA0947003F734B /* Build configuration list for PBXProject "UserCV-iOS" */ = {
			isa = XCConfigurationList;
			buildConfigurations = (
				FB3B7FCB23BA0949003F734B /* Debug */,
				FB3B7FCC23BA0949003F734B /* Release */,
			);
			defaultConfigurationIsVisible = 0;
			defaultConfigurationName = Release;
		};
		FB3B7FCD23BA0949003F734B /* Build configuration list for PBXNativeTarget "UserCV-iOS" */ = {
			isa = XCConfigurationList;
			buildConfigurations = (
				FB3B7FCE23BA0949003F734B /* Debug */,
				FB3B7FCF23BA0949003F734B /* Release */,
			);
			defaultConfigurationIsVisible = 0;
			defaultConfigurationName = Release;
		};
/* End XCConfigurationList section */
	};
	rootObject = FB3B7FB123BA0947003F734B /* Project object */;
}
